
Microsoft Visual Studio Solution File, Format Version 12.00
# Visual Studio 15
Project("{FAE04EC0-301F-11D3-BF4B-00C04F79EFBC}") = "c_sharp_examples", "c_sharp_examples\c_sharp_examples.csproj", "{068EBBA4-5032-44A1-B237-76FC1B13650C}"
EndProject
Global
	GlobalSection(SolutionConfigurationPlatforms) = preSolution
		Debug|anycpu = Debug|anycpu
		Release|anycpu = Release|anycpu
	EndGlobalSection
	GlobalSection(ProjectConfigurationPlatforms) = postSolution
		{068EBBA4-5032-44A1-B237-76FC1B13650C}.Debug|anycpu.ActiveCfg = Debug|anycpu
		{068EBBA4-5032-44A1-B237-76FC1B13650C}.Debug|anycpu.Build.0 = Debug|anycpu
		{068EBBA4-5032-44A1-B237-76FC1B13650C}.Release|anycpu.ActiveCfg = Release|anycpu
		{068EBBA4-5032-44A1-B237-76FC1B13650C}.Release|anycpu.Build.0 = Release|anycpu
	EndGlobalSection
EndGlobal
